// !$*UTF8*$!
{
	archiveVersion = 1;
	classes = {
	};
	objectVersion = 56;
	objects = {

/* Begin PBXBuildFile section */
		2F6425E32B9A974F00CCE78A /* AppDelegate.swift in Sources */ = {isa = PBXBuildFile; fileRef = 2F6425E22B9A974F00CCE78A /* AppDelegate.swift */; };
		2F6425E52B9A974F00CCE78A /* SceneDelegate.swift in Sources */ = {isa = PBXBuildFile; fileRef = 2F6425E42B9A974F00CCE78A /* SceneDelegate.swift */; };
		2F6425E72B9A974F00CCE78A /* ViewController.swift in Sources */ = {isa = PBXBuildFile; fileRef = 2F6425E62B9A974F00CCE78A /* ViewController.swift */; };
		2F6425EA2B9A974F00CCE78A /* Main.storyboard in Resources */ = {isa = PBXBuildFile; fileRef = 2F6425E82B9A974F00CCE78A /* Main.storyboard */; };
		2F6425EC2B9A975000CCE78A /* Assets.xcassets in Resources */ = {isa = PBXBuildFile; fileRef = 2F6425EB2B9A975000CCE78A /* Assets.xcassets */; };
		2F6425EF2B9A975000CCE78A /* LaunchScreen.storyboard in Resources */ = {isa = PBXBuildFile; fileRef = 2F6425ED2B9A975000CCE78A /* LaunchScreen.storyboard */; };
		2F6425FA2B9A9CE700CCE78A /* Item.swift in Sources */ = {isa = PBXBuildFile; fileRef = 2F6425F92B9A9CE700CCE78A /* Item.swift */; };
		2F6425FC2B9A9E1600CCE78A /* ItemManager.swift in Sources */ = {isa = PBXBuildFile; fileRef = 2F6425FB2B9A9E1600CCE78A /* ItemManager.swift */; };
		2F6425FF2B9AA94C00CCE78A /* ItemCell.swift in Sources */ = {isa = PBXBuildFile; fileRef = 2F6425FD2B9AA94C00CCE78A /* ItemCell.swift */; };
		2F6426002B9AA94C00CCE78A /* ItemCell.xib in Resources */ = {isa = PBXBuildFile; fileRef = 2F6425FE2B9AA94C00CCE78A /* ItemCell.xib */; };
/* End PBXBuildFile section */

/* Begin PBXFileReference section */
		2F6425DF2B9A974F00CCE78A /* Fetch-Take-Home.app */ = {isa = PBXFileReference; explicitFileType = wrapper.application; includeInIndex = 0; path = "Fetch-Take-Home.app"; sourceTree = BUILT_PRODUCTS_DIR; };
		2F6425E22B9A974F00CCE78A /* AppDelegate.swift */ = {isa = PBXFileReference; lastKnownFileType = sourcecode.swift; path = AppDelegate.swift; sourceTree = "<group>"; };
		2F6425E42B9A974F00CCE78A /* SceneDelegate.swift */ = {isa = PBXFileReference; lastKnownFileType = sourcecode.swift; path = SceneDelegate.swift; sourceTree = "<group>"; };
		2F6425E62B9A974F00CCE78A /* ViewController.swift */ = {isa = PBXFileReference; lastKnownFileType = sourcecode.swift; path = ViewController.swift; sourceTree = "<group>"; };
		2F6425E92B9A974F00CCE78A /* Base */ = {isa = PBXFileReference; lastKnownFileType = file.storyboard; name = Base; path = Base.lproj/Main.storyboard; sourceTree = "<group>"; };
		2F6425EB2B9A975000CCE78A /* Assets.xcassets */ = {isa = PBXFileReference; lastKnownFileType = folder.assetcatalog; path = Assets.xcassets; sourceTree = "<group>"; };
		2F6425EE2B9A975000CCE78A /* Base */ = {isa = PBXFileReference; lastKnownFileType = file.storyboard; name = Base; path = Base.lproj/LaunchScreen.storyboard; sourceTree = "<group>"; };
		2F6425F02B9A975000CCE78A /* Info.plist */ = {isa = PBXFileReference; lastKnownFileType = text.plist.xml; path = Info.plist; sourceTree = "<group>"; };
		2F6425F92B9A9CE700CCE78A /* Item.swift */ = {isa = PBXFileReference; lastKnownFileType = sourcecode.swift; path = Item.swift; sourceTree = "<group>"; };
		2F6425FB2B9A9E1600CCE78A /* ItemManager.swift */ = {isa = PBXFileReference; lastKnownFileType = sourcecode.swift; path = ItemManager.swift; sourceTree = "<group>"; };
		2F6425FD2B9AA94C00CCE78A /* ItemCell.swift */ = {isa = PBXFileReference; lastKnownFileType = sourcecode.swift; path = ItemCell.swift; sourceTree = "<group>"; };
		2F6425FE2B9AA94C00CCE78A /* ItemCell.xib */ = {isa = PBXFileReference; lastKnownFileType = file.xib; path = ItemCell.xib; sourceTree = "<group>"; };
/* End PBXFileReference section */

/* Begin PBXFrameworksBuildPhase section */
		2F6425DC2B9A974F00CCE78A /* Frameworks */ = {
			isa = PBXFrameworksBuildPhase;
			buildActionMask = 2147483647;
			files = (
			);
			runOnlyForDeploymentPostprocessing = 0;
		};
/* End PBXFrameworksBuildPhase section */

/* Begin PBXGroup section */
		2F6425D62B9A974F00CCE78A = {
			isa = PBXGroup;
			children = (
				2F6425E12B9A974F00CCE78A /* Fetch-Take-Home */,
				2F6425E02B9A974F00CCE78A /* Products */,
			);
			sourceTree = "<group>";
		};
		2F6425E02B9A974F00CCE78A /* Products */ = {
			isa = PBXGroup;
			children = (
				2F6425DF2B9A974F00CCE78A /* Fetch-Take-Home.app */,
			);
			name = Products;
			sourceTree = "<group>";
		};
		2F6425E12B9A974F00CCE78A /* Fetch-Take-Home */ = {
			isa = PBXGroup;
			children = (
				2F6425E22B9A974F00CCE78A /* AppDelegate.swift */,
				2F6425E42B9A974F00CCE78A /* SceneDelegate.swift */,
				2F6425F82B9A979C00CCE78A /* Model */,
				2F6425F72B9A978900CCE78A /* Controller */,
				2F6425F62B9A978200CCE78A /* View */,
				2F6425EB2B9A975000CCE78A /* Assets.xcassets */,
				2F6425ED2B9A975000CCE78A /* LaunchScreen.storyboard */,
				2F6425F02B9A975000CCE78A /* Info.plist */,
			);
			path = "Fetch-Take-Home";
			sourceTree = "<group>";
		};
		2F6425F62B9A978200CCE78A /* View */ = {
			isa = PBXGroup;
			children = (
				2F6425FD2B9AA94C00CCE78A /* ItemCell.swift */,
				2F6425FE2B9AA94C00CCE78A /* ItemCell.xib */,
				2F6425E82B9A974F00CCE78A /* Main.storyboard */,
			);
			path = View;
			sourceTree = "<group>";
		};
		2F6425F72B9A978900CCE78A /* Controller */ = {
			isa = PBXGroup;
			children = (
				2F6425E62B9A974F00CCE78A /* ViewController.swift */,
			);
			path = Controller;
			sourceTree = "<group>";
		};
		2F6425F82B9A979C00CCE78A /* Model */ = {
			isa = PBXGroup;
			children = (
				2F6425F92B9A9CE700CCE78A /* Item.swift */,
				2F6425FB2B9A9E1600CCE78A /* ItemManager.swift */,
			);
			path = Model;
			sourceTree = "<group>";
		};
/* End PBXGroup section */

/* Begin PBXNativeTarget section */
		2F6425DE2B9A974F00CCE78A /* Fetch-Take-Home */ = {
			isa = PBXNativeTarget;
			buildConfigurationList = 2F6425F32B9A975000CCE78A /* Build configuration list for PBXNativeTarget "Fetch-Take-Home" */;
			buildPhases = (
				2F6425DB2B9A974F00CCE78A /* Sources */,
				2F6425DC2B9A974F00CCE78A /* Frameworks */,
				2F6425DD2B9A974F00CCE78A /* Resources */,
			);
			buildRules = (
			);
			dependencies = (
			);
			name = "Fetch-Take-Home";
			productName = "Fetch-Take-Home";
			productReference = 2F6425DF2B9A974F00CCE78A /* Fetch-Take-Home.app */;
			productType = "com.apple.product-type.application";
		};
/* End PBXNativeTarget section */

/* Begin PBXProject section */
		2F6425D72B9A974F00CCE78A /* Project object */ = {
			isa = PBXProject;
			attributes = {
				BuildIndependentTargetsInParallel = 1;
				LastSwiftUpdateCheck = 1420;
				LastUpgradeCheck = 1420;
				TargetAttributes = {
					2F6425DE2B9A974F00CCE78A = {
						CreatedOnToolsVersion = 14.2;
					};
				};
			};
			buildConfigurationList = 2F6425DA2B9A974F00CCE78A /* Build configuration list for PBXProject "Fetch-Take-Home" */;
			compatibilityVersion = "Xcode 14.0";
			developmentRegion = en;
			hasScannedForEncodings = 0;
			knownRegions = (
				en,
				Base,
			);
			mainGroup = 2F6425D62B9A974F00CCE78A;
			productRefGroup = 2F6425E02B9A974F00CCE78A /* Products */;
			projectDirPath = "";
			projectRoot = "";
			targets = (
				2F6425DE2B9A974F00CCE78A /* Fetch-Take-Home */,
			);
		};
/* End PBXProject section */

/* Begin PBXResourcesBuildPhase section */
		2F6425DD2B9A974F00CCE78A /* Resources */ = {
			isa = PBXResourcesBuildPhase;
			buildActionMask = 2147483647;
			files = (
				2F6426002B9AA94C00CCE78A /* ItemCell.xib in Resources */,
				2F6425EF2B9A975000CCE78A /* LaunchScreen.storyboard in Resources */,
				2F6425EC2B9A975000CCE78A /* Assets.xcassets in Resources */,
				2F6425EA2B9A974F00CCE78A /* Main.storyboard in Resources */,
			);
			runOnlyForDeploymentPostprocessing = 0;
		};
/* End PBXResourcesBuildPhase section */

/* Begin PBXSourcesBuildPhase section */
		2F6425DB2B9A974F00CCE78A /* Sources */ = {
			isa = PBXSourcesBuildPhase;
			buildActionMask = 2147483647;
			files = (
				2F6425FA2B9A9CE700CCE78A /* Item.swift in Sources */,
				2F6425E72B9A974F00CCE78A /* ViewController.swift in Sources */,
				2F6425FF2B9AA94C00CCE78A /* ItemCell.swift in Sources */,
				2F6425E32B9A974F00CCE78A /* AppDelegate.swift in Sources */,
				2F6425FC2B9A9E1600CCE78A /* ItemManager.swift in Sources */,
				2F6425E52B9A974F00CCE78A /* SceneDelegate.swift in Sources */,
			);
			runOnlyForDeploymentPostprocessing = 0;
		};
/* End PBXSourcesBuildPhase section */

/* Begin PBXVariantGroup section */
		2F6425E82B9A974F00CCE78A /* Main.storyboard */ = {
			isa = PBXVariantGroup;
			children = (
				2F6425E92B9A974F00CCE78A /* Base */,
			);
			name = Main.storyboard;
			sourceTree = "<group>";
		};
		2F6425ED2B9A975000CCE78A /* LaunchScreen.storyboard */ = {
			isa = PBXVariantGroup;
			children = (
				2F6425EE2B9A975000CCE78A /* Base */,
			);
			name = LaunchScreen.storyboard;
			sourceTree = "<group>";
		};
/* End PBXVariantGroup section */

/* Begin XCBuildConfiguration section */
		2F6425F12B9A975000CCE78A /* Debug */ = {
			isa = XCBuildConfiguration;
			buildSettings = {
				ALWAYS_SEARCH_USER_PATHS = NO;
				CLANG_ANALYZER_NONNULL = YES;
				CLANG_ANALYZER_NUMBER_OBJECT_CONVERSION = YES_AGGRESSIVE;
				CLANG_CXX_LANGUAGE_STANDARD = "gnu++20";
				CLANG_ENABLE_MODULES = YES;
				CLANG_ENABLE_OBJC_ARC = YES;
				CLANG_ENABLE_OBJC_WEAK = YES;
				CLANG_WARN_BLOCK_CAPTURE_AUTORELEASING = YES;
				CLANG_WARN_BOOL_CONVERSION = YES;
				CLANG_WARN_COMMA = YES;
				CLANG_WARN_CONSTANT_CONVERSION = YES;
				CLANG_WARN_DEPRECATED_OBJC_IMPLEMENTATIONS = YES;
				CLANG_WARN_DIRECT_OBJC_ISA_USAGE = YES_ERROR;
				CLANG_WARN_DOCUMENTATION_COMMENTS = YES;
				CLANG_WARN_EMPTY_BODY = YES;
				CLANG_WARN_ENUM_CONVERSION = YES;
				CLANG_WARN_INFINITE_RECURSION = YES;
				CLANG_WARN_INT_CONVERSION = YES;
				CLANG_WARN_NON_LITERAL_NULL_CONVERSION = YES;
				CLANG_WARN_OBJC_IMPLICIT_RETAIN_SELF = YES;
				CLANG_WARN_OBJC_LITERAL_CONVERSION = YES;
				CLANG_WARN_OBJC_ROOT_CLASS = YES_ERROR;
				CLANG_WARN_QUOTED_INCLUDE_IN_FRAMEWORK_HEADER = YES;
				CLANG_WARN_RANGE_LOOP_ANALYSIS = YES;
				CLANG_WARN_STRICT_PROTOTYPES = YES;
				CLANG_WARN_SUSPICIOUS_MOVE = YES;
				CLANG_WARN_UNGUARDED_AVAILABILITY = YES_AGGRESSIVE;
				CLANG_WARN_UNREACHABLE_CODE = YES;
				CLANG_WARN__DUPLICATE_METHOD_MATCH = YES;
				COPY_PHASE_STRIP = NO;
				DEBUG_INFORMATION_FORMAT = dwarf;
				ENABLE_STRICT_OBJC_MSGSEND = YES;
				ENABLE_TESTABILITY = YES;
				GCC_C_LANGUAGE_STANDARD = gnu11;
				GCC_DYNAMIC_NO_PIC = NO;
				GCC_NO_COMMON_BLOCKS = YES;
				GCC_OPTIMIZATION_LEVEL = 0;
				GCC_PREPROCESSOR_DEFINITIONS = (
					"DEBUG=1",
					"$(inherited)",
				);
				GCC_WARN_64_TO_32_BIT_CONVERSION = YES;
				GCC_WARN_ABOUT_RETURN_TYPE = YES_ERROR;
				GCC_WARN_UNDECLARED_SELECTOR = YES;
				GCC_WARN_UNINITIALIZED_AUTOS = YES_AGGRESSIVE;
				GCC_WARN_UNUSED_FUNCTION = YES;
				GCC_WARN_UNUSED_VARIABLE = YES;
				IPHONEOS_DEPLOYMENT_TARGET = 16.2;
				MTL_ENABLE_DEBUG_INFO = INCLUDE_SOURCE;
				MTL_FAST_MATH = YES;
				ONLY_ACTIVE_ARCH = YES;
				SDKROOT = iphoneos;
				SWIFT_ACTIVE_COMPILATION_CONDITIONS = DEBUG;
				SWIFT_OPTIMIZATION_LEVEL = "-Onone";
			};
			name = Debug;
		};
		2F6425F22B9A975000CCE78A /* Release */ = {
			isa = XCBuildConfiguration;
			buildSettings = {
				ALWAYS_SEARCH_USER_PATHS = NO;
				CLANG_ANALYZER_NONNULL = YES;
				CLANG_ANALYZER_NUMBER_OBJECT_CONVERSION = YES_AGGRESSIVE;
				CLANG_CXX_LANGUAGE_STANDARD = "gnu++20";
				CLANG_ENABLE_MODULES = YES;
				CLANG_ENABLE_OBJC_ARC = YES;
				CLANG_ENABLE_OBJC_WEAK = YES;
				CLANG_WARN_BLOCK_CAPTURE_AUTORELEASING = YES;
				CLANG_WARN_BOOL_CONVERSION = YES;
				CLANG_WARN_COMMA = YES;
				CLANG_WARN_CONSTANT_CONVERSION = YES;
				CLANG_WARN_DEPRECATED_OBJC_IMPLEMENTATIONS = YES;
				CLANG_WARN_DIRECT_OBJC_ISA_USAGE = YES_ERROR;
				CLANG_WARN_DOCUMENTATION_COMMENTS = YES;
				CLANG_WARN_EMPTY_BODY = YES;
				CLANG_WARN_ENUM_CONVERSION = YES;
				CLANG_WARN_INFINITE_RECURSION = YES;
				CLANG_WARN_INT_CONVERSION = YES;
				CLANG_WARN_NON_LITERAL_NULL_CONVERSION = YES;
				CLANG_WARN_OBJC_IMPLICIT_RETAIN_SELF = YES;
				CLANG_WARN_OBJC_LITERAL_CONVERSION = YES;
				CLANG_WARN_OBJC_ROOT_CLASS = YES_ERROR;
				CLANG_WARN_QUOTED_INCLUDE_IN_FRAMEWORK_HEADER = YES;
				CLANG_WARN_RANGE_LOOP_ANALYSIS = YES;
				CLANG_WARN_STRICT_PROTOTYPES = YES;
				CLANG_WARN_SUSPICIOUS_MOVE = YES;
				CLANG_WARN_UNGUARDED_AVAILABILITY = YES_AGGRESSIVE;
				CLANG_WARN_UNREACHABLE_CODE = YES;
				CLANG_WARN__DUPLICATE_METHOD_MATCH = YES;
				COPY_PHASE_STRIP = NO;
				DEBUG_INFORMATION_FORMAT = "dwarf-with-dsym";
				ENABLE_NS_ASSERTIONS = NO;
				ENABLE_STRICT_OBJC_MSGSEND = YES;
				GCC_C_LANGUAGE_STANDARD = gnu11;
				GCC_NO_COMMON_BLOCKS = YES;
				GCC_WARN_64_TO_32_BIT_CONVERSION = YES;
				GCC_WARN_ABOUT_RETURN_TYPE = YES_ERROR;
				GCC_WARN_UNDECLARED_SELECTOR = YES;
				GCC_WARN_UNINITIALIZED_AUTOS = YES_AGGRESSIVE;
				GCC_WARN_UNUSED_FUNCTION = YES;
				GCC_WARN_UNUSED_VARIABLE = YES;
				IPHONEOS_DEPLOYMENT_TARGET = 16.2;
				MTL_ENABLE_DEBUG_INFO = NO;
				MTL_FAST_MATH = YES;
				SDKROOT = iphoneos;
				SWIFT_COMPILATION_MODE = wholemodule;
				SWIFT_OPTIMIZATION_LEVEL = "-O";
				VALIDATE_PRODUCT = YES;
			};
			name = Release;
		};
		2F6425F42B9A975000CCE78A /* Debug */ = {
			isa = XCBuildConfiguration;
			buildSettings = {
				ASSETCATALOG_COMPILER_APPICON_NAME = AppIcon;
				ASSETCATALOG_COMPILER_GLOBAL_ACCENT_COLOR_NAME = AccentColor;
				CODE_SIGN_STYLE = Automatic;
				CURRENT_PROJECT_VERSION = 1;
				GENERATE_INFOPLIST_FILE = YES;
				INFOPLIST_FILE = "Fetch-Take-Home/Info.plist";
				INFOPLIST_KEY_UIApplicationSupportsIndirectInputEvents = YES;
				INFOPLIST_KEY_UILaunchStoryboardName = LaunchScreen;
				INFOPLIST_KEY_UIMainStoryboardFile = Main;
				INFOPLIST_KEY_UISupportedInterfaceOrientations = UIInterfaceOrientationPortrait;
				LD_RUNPATH_SEARCH_PATHS = (
					"$(inherited)",
					"@executable_path/Frameworks",
				);
				MARKETING_VERSION = 1.0;
				PRODUCT_BUNDLE_IDENTIFIER = "BBS.Fetch-Take-Home";
				PRODUCT_NAME = "$(TARGET_NAME)";
				SWIFT_EMIT_LOC_STRINGS = YES;
				SWIFT_VERSION = 5.0;
				TARGETED_DEVICE_FAMILY = "1,2";
			};
			name = Debug;
		};
		2F6425F52B9A975000CCE78A /* Release */ = {
			isa = XCBuildConfiguration;
			buildSettings = {
				ASSETCATALOG_COMPILER_APPICON_NAME = AppIcon;
				ASSETCATALOG_COMPILER_GLOBAL_ACCENT_COLOR_NAME = AccentColor;
				CODE_SIGN_STYLE = Automatic;
				CURRENT_PROJECT_VERSION = 1;
				GENERATE_INFOPLIST_FILE = YES;
				INFOPLIST_FILE = "Fetch-Take-Home/Info.plist";
				INFOPLIST_KEY_UIApplicationSupportsIndirectInputEvents = YES;
				INFOPLIST_KEY_UILaunchStoryboardName = LaunchScreen;
				INFOPLIST_KEY_UIMainStoryboardFile = Main;
				INFOPLIST_KEY_UISupportedInterfaceOrientations = UIInterfaceOrientationPortrait;
				LD_RUNPATH_SEARCH_PATHS = (
					"$(inherited)",
					"@executable_path/Frameworks",
				);
				MARKETING_VERSION = 1.0;
				PRODUCT_BUNDLE_IDENTIFIER = "BBS.Fetch-Take-Home";
				PRODUCT_NAME = "$(TARGET_NAME)";
				SWIFT_EMIT_LOC_STRINGS = YES;
				SWIFT_VERSION = 5.0;
				TARGETED_DEVICE_FAMILY = "1,2";
			};
			name = Release;
		};
/* End XCBuildConfiguration section */

/* Begin XCConfigurationList section */
		2F6425DA2B9A974F00CCE78A /* Build configuration list for PBXProject "Fetch-Take-Home" */ = {
			isa = XCConfigurationList;
			buildConfigurations = (
				2F6425F12B9A975000CCE78A /* Debug */,
				2F6425F22B9A975000CCE78A /* Release */,
			);
			defaultConfigurationIsVisible = 0;
			defaultConfigurationName = Release;
		};
		2F6425F32B9A975000CCE78A /* Build configuration list for PBXNativeTarget "Fetch-Take-Home" */ = {
			isa = XCConfigurationList;
			buildConfigurations = (
				2F6425F42B9A975000CCE78A /* Debug */,
				2F6425F52B9A975000CCE78A /* Release */,
			);
			defaultConfigurationIsVisible = 0;
			defaultConfigurationName = Release;
		};
/* End XCConfigurationList section */
	};
	rootObject = 2F6425D72B9A974F00CCE78A /* Project object */;
}
